// !$*UTF8*$!
{
	archiveVersion = 1;
	classes = {
	};
	objectVersion = 50;
	objects = {

/* Begin PBXBuildFile section */
		9AC314A8224D2DBA00E361D0 /* libsqlite3.0.tbd in Frameworks */ = {isa = PBXBuildFile; fileRef = 9AC314A7224D2DBA00E361D0 /* libsqlite3.0.tbd */; };
		9AC314B5224D2E9C00E361D0 /* FMResultSet.m in Sources */ = {isa = PBXBuildFile; fileRef = 9AC314AB224D2E9A00E361D0 /* FMResultSet.m */; };
		9AC314B6224D2E9C00E361D0 /* FMDatabaseAdditions.m in Sources */ = {isa = PBXBuildFile; fileRef = 9AC314AC224D2E9A00E361D0 /* FMDatabaseAdditions.m */; };
		9AC314B7224D2E9C00E361D0 /* FMDatabasePool.m in Sources */ = {isa = PBXBuildFile; fileRef = 9AC314AD224D2E9A00E361D0 /* FMDatabasePool.m */; };
		9AC314B8224D2E9C00E361D0 /* FMDatabase.m in Sources */ = {isa = PBXBuildFile; fileRef = 9AC314AE224D2E9B00E361D0 /* FMDatabase.m */; };
		9AC314B9224D2E9C00E361D0 /* FMDatabaseQueue.m in Sources */ = {isa = PBXBuildFile; fileRef = 9AC314B0224D2E9B00E361D0 /* FMDatabaseQueue.m */; };
		EF215B23224916D6009A9805 /* AppDelegate.swift in Sources */ = {isa = PBXBuildFile; fileRef = EF215B22224916D6009A9805 /* AppDelegate.swift */; };
		EF215B25224916D6009A9805 /* ViewController.swift in Sources */ = {isa = PBXBuildFile; fileRef = EF215B24224916D6009A9805 /* ViewController.swift */; };
		EF215B28224916D6009A9805 /* Main.storyboard in Resources */ = {isa = PBXBuildFile; fileRef = EF215B26224916D6009A9805 /* Main.storyboard */; };
		EF215B2A224916D8009A9805 /* Assets.xcassets in Resources */ = {isa = PBXBuildFile; fileRef = EF215B29224916D8009A9805 /* Assets.xcassets */; };
		EF215B3522492E5F009A9805 /* Launch Screen.storyboard in Resources */ = {isa = PBXBuildFile; fileRef = EF215B3422492E5F009A9805 /* Launch Screen.storyboard */; };
		EF215B3722493602009A9805 /* PeliculaTableViewController.swift in Sources */ = {isa = PBXBuildFile; fileRef = EF215B3622493602009A9805 /* PeliculaTableViewController.swift */; };
		EF2546ED22524D8A002F3C10 /* TableViewPeliculaCell.swift in Sources */ = {isa = PBXBuildFile; fileRef = EF2546EC22524D8A002F3C10 /* TableViewPeliculaCell.swift */; };
		EF7D056C224D15AB00D81ABC /* DetailFilmViewController.swift in Sources */ = {isa = PBXBuildFile; fileRef = EF7D056B224D15AB00D81ABC /* DetailFilmViewController.swift */; };
		EF7D056E224D180200D81ABC /* Pelicula.swift in Sources */ = {isa = PBXBuildFile; fileRef = EF7D056D224D180200D81ABC /* Pelicula.swift */; };
		EF7D0570224D229600D81ABC /* PeliculaManager.swift in Sources */ = {isa = PBXBuildFile; fileRef = EF7D056F224D229600D81ABC /* PeliculaManager.swift */; };
/* End PBXBuildFile section */

/* Begin PBXFileReference section */
		9AC314A7224D2DBA00E361D0 /* libsqlite3.0.tbd */ = {isa = PBXFileReference; lastKnownFileType = "sourcecode.text-based-dylib-definition"; name = libsqlite3.0.tbd; path = usr/lib/libsqlite3.0.tbd; sourceTree = SDKROOT; };
		9AC314A9224D2E9800E361D0 /* Practica_UF1-Bridging-Header.h */ = {isa = PBXFileReference; lastKnownFileType = sourcecode.c.h; path = "Practica_UF1-Bridging-Header.h"; sourceTree = "<group>"; };
		9AC314AA224D2E9A00E361D0 /* FMDatabase.h */ = {isa = PBXFileReference; fileEncoding = 4; lastKnownFileType = sourcecode.c.h; path = FMDatabase.h; sourceTree = "<group>"; };
		9AC314AB224D2E9A00E361D0 /* FMResultSet.m */ = {isa = PBXFileReference; fileEncoding = 4; lastKnownFileType = sourcecode.c.objc; path = FMResultSet.m; sourceTree = "<group>"; };
		9AC314AC224D2E9A00E361D0 /* FMDatabaseAdditions.m */ = {isa = PBXFileReference; fileEncoding = 4; lastKnownFileType = sourcecode.c.objc; path = FMDatabaseAdditions.m; sourceTree = "<group>"; };
		9AC314AD224D2E9A00E361D0 /* FMDatabasePool.m */ = {isa = PBXFileReference; fileEncoding = 4; lastKnownFileType = sourcecode.c.objc; path = FMDatabasePool.m; sourceTree = "<group>"; };
		9AC314AE224D2E9B00E361D0 /* FMDatabase.m */ = {isa = PBXFileReference; fileEncoding = 4; lastKnownFileType = sourcecode.c.objc; path = FMDatabase.m; sourceTree = "<group>"; };
		9AC314AF224D2E9B00E361D0 /* FMDatabaseAdditions.h */ = {isa = PBXFileReference; fileEncoding = 4; lastKnownFileType = sourcecode.c.h; path = FMDatabaseAdditions.h; sourceTree = "<group>"; };
		9AC314B0224D2E9B00E361D0 /* FMDatabaseQueue.m */ = {isa = PBXFileReference; fileEncoding = 4; lastKnownFileType = sourcecode.c.objc; path = FMDatabaseQueue.m; sourceTree = "<group>"; };
		9AC314B1224D2E9B00E361D0 /* FMDatabaseQueue.h */ = {isa = PBXFileReference; fileEncoding = 4; lastKnownFileType = sourcecode.c.h; path = FMDatabaseQueue.h; sourceTree = "<group>"; };
		9AC314B2224D2E9B00E361D0 /* FMDB.h */ = {isa = PBXFileReference; fileEncoding = 4; lastKnownFileType = sourcecode.c.h; path = FMDB.h; sourceTree = "<group>"; };
		9AC314B3224D2E9B00E361D0 /* FMDatabasePool.h */ = {isa = PBXFileReference; fileEncoding = 4; lastKnownFileType = sourcecode.c.h; path = FMDatabasePool.h; sourceTree = "<group>"; };
		9AC314B4224D2E9B00E361D0 /* FMResultSet.h */ = {isa = PBXFileReference; fileEncoding = 4; lastKnownFileType = sourcecode.c.h; path = FMResultSet.h; sourceTree = "<group>"; };
		EF215B1F224916D6009A9805 /* Practica_UF1.app */ = {isa = PBXFileReference; explicitFileType = wrapper.application; includeInIndex = 0; path = Practica_UF1.app; sourceTree = BUILT_PRODUCTS_DIR; };
		EF215B22224916D6009A9805 /* AppDelegate.swift */ = {isa = PBXFileReference; lastKnownFileType = sourcecode.swift; path = AppDelegate.swift; sourceTree = "<group>"; };
		EF215B24224916D6009A9805 /* ViewController.swift */ = {isa = PBXFileReference; lastKnownFileType = sourcecode.swift; path = ViewController.swift; sourceTree = "<group>"; };
		EF215B27224916D6009A9805 /* Base */ = {isa = PBXFileReference; lastKnownFileType = file.storyboard; name = Base; path = Base.lproj/Main.storyboard; sourceTree = "<group>"; };
		EF215B29224916D8009A9805 /* Assets.xcassets */ = {isa = PBXFileReference; lastKnownFileType = folder.assetcatalog; path = Assets.xcassets; sourceTree = "<group>"; };
		EF215B2E224916D8009A9805 /* Info.plist */ = {isa = PBXFileReference; lastKnownFileType = text.plist.xml; path = Info.plist; sourceTree = "<group>"; };
		EF215B3422492E5F009A9805 /* Launch Screen.storyboard */ = {isa = PBXFileReference; lastKnownFileType = file.storyboard; path = "Launch Screen.storyboard"; sourceTree = "<group>"; };
		EF215B3622493602009A9805 /* PeliculaTableViewController.swift */ = {isa = PBXFileReference; lastKnownFileType = sourcecode.swift; path = PeliculaTableViewController.swift; sourceTree = "<group>"; };
		EF2546EC22524D8A002F3C10 /* TableViewPeliculaCell.swift */ = {isa = PBXFileReference; lastKnownFileType = sourcecode.swift; path = TableViewPeliculaCell.swift; sourceTree = "<group>"; };
		EF7D056B224D15AB00D81ABC /* DetailFilmViewController.swift */ = {isa = PBXFileReference; lastKnownFileType = sourcecode.swift; path = DetailFilmViewController.swift; sourceTree = "<group>"; };
		EF7D056D224D180200D81ABC /* Pelicula.swift */ = {isa = PBXFileReference; lastKnownFileType = sourcecode.swift; path = Pelicula.swift; sourceTree = "<group>"; };
		EF7D056F224D229600D81ABC /* PeliculaManager.swift */ = {isa = PBXFileReference; lastKnownFileType = sourcecode.swift; path = PeliculaManager.swift; sourceTree = "<group>"; };
/* End PBXFileReference section */

/* Begin PBXFrameworksBuildPhase section */
		EF215B1C224916D6009A9805 /* Frameworks */ = {
			isa = PBXFrameworksBuildPhase;
			buildActionMask = 2147483647;
			files = (
				9AC314A8224D2DBA00E361D0 /* libsqlite3.0.tbd in Frameworks */,
			);
			runOnlyForDeploymentPostprocessing = 0;
		};
/* End PBXFrameworksBuildPhase section */

/* Begin PBXGroup section */
		9AC314A6224D2DBA00E361D0 /* Frameworks */ = {
			isa = PBXGroup;
			children = (
				9AC314A7224D2DBA00E361D0 /* libsqlite3.0.tbd */,
			);
			name = Frameworks;
			sourceTree = "<group>";
		};
		EF215B16224916D6009A9805 = {
			isa = PBXGroup;
			children = (
				EF215B21224916D6009A9805 /* Practica_UF1 */,
				EF215B20224916D6009A9805 /* Products */,
				9AC314A6224D2DBA00E361D0 /* Frameworks */,
			);
			sourceTree = "<group>";
		};
		EF215B20224916D6009A9805 /* Products */ = {
			isa = PBXGroup;
			children = (
				EF215B1F224916D6009A9805 /* Practica_UF1.app */,
			);
			name = Products;
			sourceTree = "<group>";
		};
		EF215B21224916D6009A9805 /* Practica_UF1 */ = {
			isa = PBXGroup;
			children = (
				EF7D0578224D2F3300D81ABC /* fmdb */,
				EF215B22224916D6009A9805 /* AppDelegate.swift */,
				EF215B24224916D6009A9805 /* ViewController.swift */,
				EF215B26224916D6009A9805 /* Main.storyboard */,
				EF215B3422492E5F009A9805 /* Launch Screen.storyboard */,
				EF215B29224916D8009A9805 /* Assets.xcassets */,
				EF215B2E224916D8009A9805 /* Info.plist */,
				EF215B3622493602009A9805 /* PeliculaTableViewController.swift */,
				EF7D056B224D15AB00D81ABC /* DetailFilmViewController.swift */,
				EF7D056D224D180200D81ABC /* Pelicula.swift */,
				EF7D056F224D229600D81ABC /* PeliculaManager.swift */,
				9AC314A9224D2E9800E361D0 /* Practica_UF1-Bridging-Header.h */,
				EF2546EC22524D8A002F3C10 /* TableViewPeliculaCell.swift */,
			);
			path = Practica_UF1;
			sourceTree = "<group>";
		};
		EF7D0578224D2F3300D81ABC /* fmdb */ = {
			isa = PBXGroup;
			children = (
				9AC314AA224D2E9A00E361D0 /* FMDatabase.h */,
				9AC314AE224D2E9B00E361D0 /* FMDatabase.m */,
				9AC314AF224D2E9B00E361D0 /* FMDatabaseAdditions.h */,
				9AC314AC224D2E9A00E361D0 /* FMDatabaseAdditions.m */,
				9AC314B3224D2E9B00E361D0 /* FMDatabasePool.h */,
				9AC314AD224D2E9A00E361D0 /* FMDatabasePool.m */,
				9AC314B1224D2E9B00E361D0 /* FMDatabaseQueue.h */,
				9AC314B0224D2E9B00E361D0 /* FMDatabaseQueue.m */,
				9AC314B2224D2E9B00E361D0 /* FMDB.h */,
				9AC314B4224D2E9B00E361D0 /* FMResultSet.h */,
				9AC314AB224D2E9A00E361D0 /* FMResultSet.m */,
			);
			path = fmdb;
			sourceTree = "<group>";
		};
/* End PBXGroup section */

/* Begin PBXNativeTarget section */
		EF215B1E224916D6009A9805 /* Practica_UF1 */ = {
			isa = PBXNativeTarget;
			buildConfigurationList = EF215B31224916D8009A9805 /* Build configuration list for PBXNativeTarget "Practica_UF1" */;
			buildPhases = (
				EF215B1B224916D6009A9805 /* Sources */,
				EF215B1C224916D6009A9805 /* Frameworks */,
				EF215B1D224916D6009A9805 /* Resources */,
			);
			buildRules = (
			);
			dependencies = (
			);
			name = Practica_UF1;
			productName = Practica_UF1;
			productReference = EF215B1F224916D6009A9805 /* Practica_UF1.app */;
			productType = "com.apple.product-type.application";
		};
/* End PBXNativeTarget section */

/* Begin PBXProject section */
		EF215B17224916D6009A9805 /* Project object */ = {
			isa = PBXProject;
			attributes = {
				LastSwiftUpdateCheck = 1010;
				LastUpgradeCheck = 1010;
				ORGANIZATIONNAME = LaSalle;
				TargetAttributes = {
					EF215B1E224916D6009A9805 = {
						CreatedOnToolsVersion = 10.1;
						LastSwiftMigration = 1010;
					};
				};
			};
			buildConfigurationList = EF215B1A224916D6009A9805 /* Build configuration list for PBXProject "Practica_UF1" */;
			compatibilityVersion = "Xcode 9.3";
			developmentRegion = en;
			hasScannedForEncodings = 0;
			knownRegions = (
				en,
				Base,
			);
			mainGroup = EF215B16224916D6009A9805;
			productRefGroup = EF215B20224916D6009A9805 /* Products */;
			projectDirPath = "";
			projectRoot = "";
			targets = (
				EF215B1E224916D6009A9805 /* Practica_UF1 */,
			);
		};
/* End PBXProject section */

/* Begin PBXResourcesBuildPhase section */
		EF215B1D224916D6009A9805 /* Resources */ = {
			isa = PBXResourcesBuildPhase;
			buildActionMask = 2147483647;
			files = (
				EF215B2A224916D8009A9805 /* Assets.xcassets in Resources */,
				EF215B3522492E5F009A9805 /* Launch Screen.storyboard in Resources */,
				EF215B28224916D6009A9805 /* Main.storyboard in Resources */,
			);
			runOnlyForDeploymentPostprocessing = 0;
		};
/* End PBXResourcesBuildPhase section */

/* Begin PBXSourcesBuildPhase section */
		EF215B1B224916D6009A9805 /* Sources */ = {
			isa = PBXSourcesBuildPhase;
			buildActionMask = 2147483647;
			files = (
				EF2546ED22524D8A002F3C10 /* TableViewPeliculaCell.swift in Sources */,
				EF215B25224916D6009A9805 /* ViewController.swift in Sources */,
				EF215B23224916D6009A9805 /* AppDelegate.swift in Sources */,
				9AC314B5224D2E9C00E361D0 /* FMResultSet.m in Sources */,
				9AC314B8224D2E9C00E361D0 /* FMDatabase.m in Sources */,
				EF7D0570224D229600D81ABC /* PeliculaManager.swift in Sources */,
				9AC314B7224D2E9C00E361D0 /* FMDatabasePool.m in Sources */,
				EF215B3722493602009A9805 /* PeliculaTableViewController.swift in Sources */,
				EF7D056E224D180200D81ABC /* Pelicula.swift in Sources */,
				9AC314B9224D2E9C00E361D0 /* FMDatabaseQueue.m in Sources */,
				EF7D056C224D15AB00D81ABC /* DetailFilmViewController.swift in Sources */,
				9AC314B6224D2E9C00E361D0 /* FMDatabaseAdditions.m in Sources */,
			);
			runOnlyForDeploymentPostprocessing = 0;
		};
/* End PBXSourcesBuildPhase section */

/* Begin PBXVariantGroup section */
		EF215B26224916D6009A9805 /* Main.storyboard */ = {
			isa = PBXVariantGroup;
			children = (
				EF215B27224916D6009A9805 /* Base */,
			);
			name = Main.storyboard;
			sourceTree = "<group>";
		};
/* End PBXVariantGroup section */

/* Begin XCBuildConfiguration section */
		EF215B2F224916D8009A9805 /* Debug */ = {
			isa = XCBuildConfiguration;
			buildSettings = {
				ALWAYS_SEARCH_USER_PATHS = NO;
				CLANG_ANALYZER_NONNULL = YES;
				CLANG_ANALYZER_NUMBER_OBJECT_CONVERSION = YES_AGGRESSIVE;
				CLANG_CXX_LANGUAGE_STANDARD = "gnu++14";
				CLANG_CXX_LIBRARY = "libc++";
				CLANG_ENABLE_MODULES = YES;
				CLANG_ENABLE_OBJC_ARC = YES;
				CLANG_ENABLE_OBJC_WEAK = YES;
				CLANG_WARN_BLOCK_CAPTURE_AUTORELEASING = YES;
				CLANG_WARN_BOOL_CONVERSION = YES;
				CLANG_WARN_COMMA = YES;
				CLANG_WARN_CONSTANT_CONVERSION = YES;
				CLANG_WARN_DEPRECATED_OBJC_IMPLEMENTATIONS = YES;
				CLANG_WARN_DIRECT_OBJC_ISA_USAGE = YES_ERROR;
				CLANG_WARN_DOCUMENTATION_COMMENTS = YES;
				CLANG_WARN_EMPTY_BODY = YES;
				CLANG_WARN_ENUM_CONVERSION = YES;
				CLANG_WARN_INFINITE_RECURSION = YES;
				CLANG_WARN_INT_CONVERSION = YES;
				CLANG_WARN_NON_LITERAL_NULL_CONVERSION = YES;
				CLANG_WARN_OBJC_IMPLICIT_RETAIN_SELF = YES;
				CLANG_WARN_OBJC_LITERAL_CONVERSION = YES;
				CLANG_WARN_OBJC_ROOT_CLASS = YES_ERROR;
				CLANG_WARN_RANGE_LOOP_ANALYSIS = YES;
				CLANG_WARN_STRICT_PROTOTYPES = YES;
				CLANG_WARN_SUSPICIOUS_MOVE = YES;
				CLANG_WARN_UNGUARDED_AVAILABILITY = YES_AGGRESSIVE;
				CLANG_WARN_UNREACHABLE_CODE = YES;
				CLANG_WARN__DUPLICATE_METHOD_MATCH = YES;
				CODE_SIGN_IDENTITY = "iPhone Developer";
				COPY_PHASE_STRIP = NO;
				DEBUG_INFORMATION_FORMAT = dwarf;
				ENABLE_STRICT_OBJC_MSGSEND = YES;
				ENABLE_TESTABILITY = YES;
				GCC_C_LANGUAGE_STANDARD = gnu11;
				GCC_DYNAMIC_NO_PIC = NO;
				GCC_NO_COMMON_BLOCKS = YES;
				GCC_OPTIMIZATION_LEVEL = 0;
				GCC_PREPROCESSOR_DEFINITIONS = (
					"DEBUG=1",
					"$(inherited)",
				);
				GCC_WARN_64_TO_32_BIT_CONVERSION = YES;
				GCC_WARN_ABOUT_RETURN_TYPE = YES_ERROR;
				GCC_WARN_UNDECLARED_SELECTOR = YES;
				GCC_WARN_UNINITIALIZED_AUTOS = YES_AGGRESSIVE;
				GCC_WARN_UNUSED_FUNCTION = YES;
				GCC_WARN_UNUSED_VARIABLE = YES;
				IPHONEOS_DEPLOYMENT_TARGET = 12.1;
				MTL_ENABLE_DEBUG_INFO = INCLUDE_SOURCE;
				MTL_FAST_MATH = YES;
				ONLY_ACTIVE_ARCH = YES;
				SDKROOT = iphoneos;
				SWIFT_ACTIVE_COMPILATION_CONDITIONS = DEBUG;
				SWIFT_OPTIMIZATION_LEVEL = "-Onone";
			};
			name = Debug;
		};
		EF215B30224916D8009A9805 /* Release */ = {
			isa = XCBuildConfiguration;
			buildSettings = {
				ALWAYS_SEARCH_USER_PATHS = NO;
				CLANG_ANALYZER_NONNULL = YES;
				CLANG_ANALYZER_NUMBER_OBJECT_CONVERSION = YES_AGGRESSIVE;
				CLANG_CXX_LANGUAGE_STANDARD = "gnu++14";
				CLANG_CXX_LIBRARY = "libc++";
				CLANG_ENABLE_MODULES = YES;
				CLANG_ENABLE_OBJC_ARC = YES;
				CLANG_ENABLE_OBJC_WEAK = YES;
				CLANG_WARN_BLOCK_CAPTURE_AUTORELEASING = YES;
				CLANG_WARN_BOOL_CONVERSION = YES;
				CLANG_WARN_COMMA = YES;
				CLANG_WARN_CONSTANT_CONVERSION = YES;
				CLANG_WARN_DEPRECATED_OBJC_IMPLEMENTATIONS = YES;
				CLANG_WARN_DIRECT_OBJC_ISA_USAGE = YES_ERROR;
				CLANG_WARN_DOCUMENTATION_COMMENTS = YES;
				CLANG_WARN_EMPTY_BODY = YES;
				CLANG_WARN_ENUM_CONVERSION = YES;
				CLANG_WARN_INFINITE_RECURSION = YES;
				CLANG_WARN_INT_CONVERSION = YES;
				CLANG_WARN_NON_LITERAL_NULL_CONVERSION = YES;
				CLANG_WARN_OBJC_IMPLICIT_RETAIN_SELF = YES;
				CLANG_WARN_OBJC_LITERAL_CONVERSION = YES;
				CLANG_WARN_OBJC_ROOT_CLASS = YES_ERROR;
				CLANG_WARN_RANGE_LOOP_ANALYSIS = YES;
				CLANG_WARN_STRICT_PROTOTYPES = YES;
				CLANG_WARN_SUSPICIOUS_MOVE = YES;
				CLANG_WARN_UNGUARDED_AVAILABILITY = YES_AGGRESSIVE;
				CLANG_WARN_UNREACHABLE_CODE = YES;
				CLANG_WARN__DUPLICATE_METHOD_MATCH = YES;
				CODE_SIGN_IDENTITY = "iPhone Developer";
				COPY_PHASE_STRIP = NO;
				DEBUG_INFORMATION_FORMAT = "dwarf-with-dsym";
				ENABLE_NS_ASSERTIONS = NO;
				ENABLE_STRICT_OBJC_MSGSEND = YES;
				GCC_C_LANGUAGE_STANDARD = gnu11;
				GCC_NO_COMMON_BLOCKS = YES;
				GCC_WARN_64_TO_32_BIT_CONVERSION = YES;
				GCC_WARN_ABOUT_RETURN_TYPE = YES_ERROR;
				GCC_WARN_UNDECLARED_SELECTOR = YES;
				GCC_WARN_UNINITIALIZED_AUTOS = YES_AGGRESSIVE;
				GCC_WARN_UNUSED_FUNCTION = YES;
				GCC_WARN_UNUSED_VARIABLE = YES;
				IPHONEOS_DEPLOYMENT_TARGET = 12.1;
				MTL_ENABLE_DEBUG_INFO = NO;
				MTL_FAST_MATH = YES;
				SDKROOT = iphoneos;
				SWIFT_COMPILATION_MODE = wholemodule;
				SWIFT_OPTIMIZATION_LEVEL = "-O";
				VALIDATE_PRODUCT = YES;
			};
			name = Release;
		};
		EF215B32224916D8009A9805 /* Debug */ = {
			isa = XCBuildConfiguration;
			buildSettings = {
				ASSETCATALOG_COMPILER_APPICON_NAME = AppIcon;
				CLANG_ENABLE_MODULES = YES;
				CODE_SIGN_STYLE = Automatic;
				INFOPLIST_FILE = Practica_UF1/Info.plist;
				LD_RUNPATH_SEARCH_PATHS = (
					"$(inherited)",
					"@executable_path/Frameworks",
				);
				PRODUCT_BUNDLE_IDENTIFIER = "Pol-Vano--Pablo-Nun-ez.Practica-UF1";
				PRODUCT_NAME = "$(TARGET_NAME)";
				SWIFT_OBJC_BRIDGING_HEADER = "Practica_UF1/Practica_UF1-Bridging-Header.h";
				SWIFT_OPTIMIZATION_LEVEL = "-Onone";
				SWIFT_VERSION = 4.2;
				TARGETED_DEVICE_FAMILY = "1,2";
			};
			name = Debug;
		};
		EF215B33224916D8009A9805 /* Release */ = {
			isa = XCBuildConfiguration;
			buildSettings = {
				ASSETCATALOG_COMPILER_APPICON_NAME = AppIcon;
				CLANG_ENABLE_MODULES = YES;
				CODE_SIGN_STYLE = Automatic;
				INFOPLIST_FILE = Practica_UF1/Info.plist;
				LD_RUNPATH_SEARCH_PATHS = (
					"$(inherited)",
					"@executable_path/Frameworks",
				);
				PRODUCT_BUNDLE_IDENTIFIER = "Pol-Vano--Pablo-Nun-ez.Practica-UF1";
				PRODUCT_NAME = "$(TARGET_NAME)";
				SWIFT_OBJC_BRIDGING_HEADER = "Practica_UF1/Practica_UF1-Bridging-Header.h";
				SWIFT_VERSION = 4.2;
				TARGETED_DEVICE_FAMILY = "1,2";
			};
			name = Release;
		};
/* End XCBuildConfiguration section */

/* Begin XCConfigurationList section */
		EF215B1A224916D6009A9805 /* Build configuration list for PBXProject "Practica_UF1" */ = {
			isa = XCConfigurationList;
			buildConfigurations = (
				EF215B2F224916D8009A9805 /* Debug */,
				EF215B30224916D8009A9805 /* Release */,
			);
			defaultConfigurationIsVisible = 0;
			defaultConfigurationName = Release;
		};
		EF215B31224916D8009A9805 /* Build configuration list for PBXNativeTarget "Practica_UF1" */ = {
			isa = XCConfigurationList;
			buildConfigurations = (
				EF215B32224916D8009A9805 /* Debug */,
				EF215B33224916D8009A9805 /* Release */,
			);
			defaultConfigurationIsVisible = 0;
			defaultConfigurationName = Release;
		};
/* End XCConfigurationList section */
	};
	rootObject = EF215B17224916D6009A9805 /* Project object */;
}
